// !$*UTF8*$!
{
	archiveVersion = 1;
	classes = {
	};
	objectVersion = 50;
	objects = {

/* Begin PBXBuildFile section */
		2AA2D751227F1F2400C671BF /* AppDelegate.swift in Sources */ = {isa = PBXBuildFile; fileRef = 2AA2D750227F1F2400C671BF /* AppDelegate.swift */; };
		2AA2D753227F1F2400C671BF /* ViewController.swift in Sources */ = {isa = PBXBuildFile; fileRef = 2AA2D752227F1F2400C671BF /* ViewController.swift */; };
		2AA2D756227F1F2400C671BF /* Main.storyboard in Resources */ = {isa = PBXBuildFile; fileRef = 2AA2D754227F1F2400C671BF /* Main.storyboard */; };
		2AA2D758227F1F2600C671BF /* Assets.xcassets in Resources */ = {isa = PBXBuildFile; fileRef = 2AA2D757227F1F2600C671BF /* Assets.xcassets */; };
		2AA2D75B227F1F2600C671BF /* LaunchScreen.storyboard in Resources */ = {isa = PBXBuildFile; fileRef = 2AA2D759227F1F2600C671BF /* LaunchScreen.storyboard */; };
		2AA2D766227F1F2600C671BF /* LocationTests.swift in Sources */ = {isa = PBXBuildFile; fileRef = 2AA2D765227F1F2600C671BF /* LocationTests.swift */; };
		2AA2D771227F1F2600C671BF /* LocationUITests.swift in Sources */ = {isa = PBXBuildFile; fileRef = 2AA2D770227F1F2600C671BF /* LocationUITests.swift */; };
/* End PBXBuildFile section */

/* Begin PBXContainerItemProxy section */
		2AA2D762227F1F2600C671BF /* PBXContainerItemProxy */ = {
			isa = PBXContainerItemProxy;
			containerPortal = 2AA2D745227F1F2400C671BF /* Project object */;
			proxyType = 1;
			remoteGlobalIDString = 2AA2D74C227F1F2400C671BF;
			remoteInfo = Location;
		};
		2AA2D76D227F1F2600C671BF /* PBXContainerItemProxy */ = {
			isa = PBXContainerItemProxy;
			containerPortal = 2AA2D745227F1F2400C671BF /* Project object */;
			proxyType = 1;
			remoteGlobalIDString = 2AA2D74C227F1F2400C671BF;
			remoteInfo = Location;
		};
/* End PBXContainerItemProxy section */

/* Begin PBXFileReference section */
		2AA2D74D227F1F2400C671BF /* Location.app */ = {isa = PBXFileReference; explicitFileType = wrapper.application; includeInIndex = 0; path = Location.app; sourceTree = BUILT_PRODUCTS_DIR; };
		2AA2D750227F1F2400C671BF /* AppDelegate.swift */ = {isa = PBXFileReference; lastKnownFileType = sourcecode.swift; path = AppDelegate.swift; sourceTree = "<group>"; };
		2AA2D752227F1F2400C671BF /* ViewController.swift */ = {isa = PBXFileReference; lastKnownFileType = sourcecode.swift; path = ViewController.swift; sourceTree = "<group>"; };
		2AA2D755227F1F2400C671BF /* Base */ = {isa = PBXFileReference; lastKnownFileType = file.storyboard; name = Base; path = Base.lproj/Main.storyboard; sourceTree = "<group>"; };
		2AA2D757227F1F2600C671BF /* Assets.xcassets */ = {isa = PBXFileReference; lastKnownFileType = folder.assetcatalog; path = Assets.xcassets; sourceTree = "<group>"; };
		2AA2D75A227F1F2600C671BF /* Base */ = {isa = PBXFileReference; lastKnownFileType = file.storyboard; name = Base; path = Base.lproj/LaunchScreen.storyboard; sourceTree = "<group>"; };
		2AA2D75C227F1F2600C671BF /* Info.plist */ = {isa = PBXFileReference; lastKnownFileType = text.plist.xml; path = Info.plist; sourceTree = "<group>"; };
		2AA2D761227F1F2600C671BF /* LocationTests.xctest */ = {isa = PBXFileReference; explicitFileType = wrapper.cfbundle; includeInIndex = 0; path = LocationTests.xctest; sourceTree = BUILT_PRODUCTS_DIR; };
		2AA2D765227F1F2600C671BF /* LocationTests.swift */ = {isa = PBXFileReference; lastKnownFileType = sourcecode.swift; path = LocationTests.swift; sourceTree = "<group>"; };
		2AA2D767227F1F2600C671BF /* Info.plist */ = {isa = PBXFileReference; lastKnownFileType = text.plist.xml; path = Info.plist; sourceTree = "<group>"; };
		2AA2D76C227F1F2600C671BF /* LocationUITests.xctest */ = {isa = PBXFileReference; explicitFileType = wrapper.cfbundle; includeInIndex = 0; path = LocationUITests.xctest; sourceTree = BUILT_PRODUCTS_DIR; };
		2AA2D770227F1F2600C671BF /* LocationUITests.swift */ = {isa = PBXFileReference; lastKnownFileType = sourcecode.swift; path = LocationUITests.swift; sourceTree = "<group>"; };
		2AA2D772227F1F2600C671BF /* Info.plist */ = {isa = PBXFileReference; lastKnownFileType = text.plist.xml; path = Info.plist; sourceTree = "<group>"; };
		2AA2D77F22817D8700C671BF /* MyLocation.gpx */ = {isa = PBXFileReference; lastKnownFileType = text.xml; path = MyLocation.gpx; sourceTree = "<group>"; };
/* End PBXFileReference section */

/* Begin PBXFrameworksBuildPhase section */
		2AA2D74A227F1F2400C671BF /* Frameworks */ = {
			isa = PBXFrameworksBuildPhase;
			buildActionMask = 2147483647;
			files = (
			);
			runOnlyForDeploymentPostprocessing = 0;
		};
		2AA2D75E227F1F2600C671BF /* Frameworks */ = {
			isa = PBXFrameworksBuildPhase;
			buildActionMask = 2147483647;
			files = (
			);
			runOnlyForDeploymentPostprocessing = 0;
		};
		2AA2D769227F1F2600C671BF /* Frameworks */ = {
			isa = PBXFrameworksBuildPhase;
			buildActionMask = 2147483647;
			files = (
			);
			runOnlyForDeploymentPostprocessing = 0;
		};
/* End PBXFrameworksBuildPhase section */

/* Begin PBXGroup section */
		2AA2D744227F1F2400C671BF = {
			isa = PBXGroup;
			children = (
				2AA2D77F22817D8700C671BF /* MyLocation.gpx */,
				2AA2D74F227F1F2400C671BF /* Location */,
				2AA2D764227F1F2600C671BF /* LocationTests */,
				2AA2D76F227F1F2600C671BF /* LocationUITests */,
				2AA2D74E227F1F2400C671BF /* Products */,
			);
			sourceTree = "<group>";
		};
		2AA2D74E227F1F2400C671BF /* Products */ = {
			isa = PBXGroup;
			children = (
				2AA2D74D227F1F2400C671BF /* Location.app */,
				2AA2D761227F1F2600C671BF /* LocationTests.xctest */,
				2AA2D76C227F1F2600C671BF /* LocationUITests.xctest */,
			);
			name = Products;
			sourceTree = "<group>";
		};
		2AA2D74F227F1F2400C671BF /* Location */ = {
			isa = PBXGroup;
			children = (
				2AA2D750227F1F2400C671BF /* AppDelegate.swift */,
				2AA2D752227F1F2400C671BF /* ViewController.swift */,
				2AA2D754227F1F2400C671BF /* Main.storyboard */,
				2AA2D757227F1F2600C671BF /* Assets.xcassets */,
				2AA2D759227F1F2600C671BF /* LaunchScreen.storyboard */,
				2AA2D75C227F1F2600C671BF /* Info.plist */,
			);
			path = Location;
			sourceTree = "<group>";
		};
		2AA2D764227F1F2600C671BF /* LocationTests */ = {
			isa = PBXGroup;
			children = (
				2AA2D765227F1F2600C671BF /* LocationTests.swift */,
				2AA2D767227F1F2600C671BF /* Info.plist */,
			);
			path = LocationTests;
			sourceTree = "<group>";
		};
		2AA2D76F227F1F2600C671BF /* LocationUITests */ = {
			isa = PBXGroup;
			children = (
				2AA2D770227F1F2600C671BF /* LocationUITests.swift */,
				2AA2D772227F1F2600C671BF /* Info.plist */,
			);
			path = LocationUITests;
			sourceTree = "<group>";
		};
/* End PBXGroup section */

/* Begin PBXNativeTarget section */
		2AA2D74C227F1F2400C671BF /* Location */ = {
			isa = PBXNativeTarget;
			buildConfigurationList = 2AA2D775227F1F2600C671BF /* Build configuration list for PBXNativeTarget "Location" */;
			buildPhases = (
				2AA2D749227F1F2400C671BF /* Sources */,
				2AA2D74A227F1F2400C671BF /* Frameworks */,
				2AA2D74B227F1F2400C671BF /* Resources */,
			);
			buildRules = (
			);
			dependencies = (
			);
			name = Location;
			productName = Location;
			productReference = 2AA2D74D227F1F2400C671BF /* Location.app */;
			productType = "com.apple.product-type.application";
		};
		2AA2D760227F1F2600C671BF /* LocationTests */ = {
			isa = PBXNativeTarget;
			buildConfigurationList = 2AA2D778227F1F2600C671BF /* Build configuration list for PBXNativeTarget "LocationTests" */;
			buildPhases = (
				2AA2D75D227F1F2600C671BF /* Sources */,
				2AA2D75E227F1F2600C671BF /* Frameworks */,
				2AA2D75F227F1F2600C671BF /* Resources */,
			);
			buildRules = (
			);
			dependencies = (
				2AA2D763227F1F2600C671BF /* PBXTargetDependency */,
			);
			name = LocationTests;
			productName = LocationTests;
			productReference = 2AA2D761227F1F2600C671BF /* LocationTests.xctest */;
			productType = "com.apple.product-type.bundle.unit-test";
		};
		2AA2D76B227F1F2600C671BF /* LocationUITests */ = {
			isa = PBXNativeTarget;
			buildConfigurationList = 2AA2D77B227F1F2600C671BF /* Build configuration list for PBXNativeTarget "LocationUITests" */;
			buildPhases = (
				2AA2D768227F1F2600C671BF /* Sources */,
				2AA2D769227F1F2600C671BF /* Frameworks */,
				2AA2D76A227F1F2600C671BF /* Resources */,
			);
			buildRules = (
			);
			dependencies = (
				2AA2D76E227F1F2600C671BF /* PBXTargetDependency */,
			);
			name = LocationUITests;
			productName = LocationUITests;
			productReference = 2AA2D76C227F1F2600C671BF /* LocationUITests.xctest */;
			productType = "com.apple.product-type.bundle.ui-testing";
		};
/* End PBXNativeTarget section */

/* Begin PBXProject section */
		2AA2D745227F1F2400C671BF /* Project object */ = {
			isa = PBXProject;
			attributes = {
				LastSwiftUpdateCheck = 1020;
				LastUpgradeCheck = 1020;
				ORGANIZATIONNAME = "张瑜";
				TargetAttributes = {
					2AA2D74C227F1F2400C671BF = {
						CreatedOnToolsVersion = 10.2.1;
					};
					2AA2D760227F1F2600C671BF = {
						CreatedOnToolsVersion = 10.2.1;
						TestTargetID = 2AA2D74C227F1F2400C671BF;
					};
					2AA2D76B227F1F2600C671BF = {
						CreatedOnToolsVersion = 10.2.1;
						TestTargetID = 2AA2D74C227F1F2400C671BF;
					};
				};
			};
			buildConfigurationList = 2AA2D748227F1F2400C671BF /* Build configuration list for PBXProject "Location" */;
			compatibilityVersion = "Xcode 9.3";
			developmentRegion = en;
			hasScannedForEncodings = 0;
			knownRegions = (
				en,
				Base,
			);
			mainGroup = 2AA2D744227F1F2400C671BF;
			productRefGroup = 2AA2D74E227F1F2400C671BF /* Products */;
			projectDirPath = "";
			projectRoot = "";
			targets = (
				2AA2D74C227F1F2400C671BF /* Location */,
				2AA2D760227F1F2600C671BF /* LocationTests */,
				2AA2D76B227F1F2600C671BF /* LocationUITests */,
			);
		};
/* End PBXProject section */

/* Begin PBXResourcesBuildPhase section */
		2AA2D74B227F1F2400C671BF /* Resources */ = {
			isa = PBXResourcesBuildPhase;
			buildActionMask = 2147483647;
			files = (
				2AA2D75B227F1F2600C671BF /* LaunchScreen.storyboard in Resources */,
				2AA2D758227F1F2600C671BF /* Assets.xcassets in Resources */,
				2AA2D756227F1F2400C671BF /* Main.storyboard in Resources */,
			);
			runOnlyForDeploymentPostprocessing = 0;
		};
		2AA2D75F227F1F2600C671BF /* Resources */ = {
			isa = PBXResourcesBuildPhase;
			buildActionMask = 2147483647;
			files = (
			);
			runOnlyForDeploymentPostprocessing = 0;
		};
		2AA2D76A227F1F2600C671BF /* Resources */ = {
			isa = PBXResourcesBuildPhase;
			buildActionMask = 2147483647;
			files = (
			);
			runOnlyForDeploymentPostprocessing = 0;
		};
/* End PBXResourcesBuildPhase section */

/* Begin PBXSourcesBuildPhase section */
		2AA2D749227F1F2400C671BF /* Sources */ = {
			isa = PBXSourcesBuildPhase;
			buildActionMask = 2147483647;
			files = (
				2AA2D753227F1F2400C671BF /* ViewController.swift in Sources */,
				2AA2D751227F1F2400C671BF /* AppDelegate.swift in Sources */,
			);
			runOnlyForDeploymentPostprocessing = 0;
		};
		2AA2D75D227F1F2600C671BF /* Sources */ = {
			isa = PBXSourcesBuildPhase;
			buildActionMask = 2147483647;
			files = (
				2AA2D766227F1F2600C671BF /* LocationTests.swift in Sources */,
			);
			runOnlyForDeploymentPostprocessing = 0;
		};
		2AA2D768227F1F2600C671BF /* Sources */ = {
			isa = PBXSourcesBuildPhase;
			buildActionMask = 2147483647;
			files = (
				2AA2D771227F1F2600C671BF /* LocationUITests.swift in Sources */,
			);
			runOnlyForDeploymentPostprocessing = 0;
		};
/* End PBXSourcesBuildPhase section */

/* Begin PBXTargetDependency section */
		2AA2D763227F1F2600C671BF /* PBXTargetDependency */ = {
			isa = PBXTargetDependency;
			target = 2AA2D74C227F1F2400C671BF /* Location */;
			targetProxy = 2AA2D762227F1F2600C671BF /* PBXContainerItemProxy */;
		};
		2AA2D76E227F1F2600C671BF /* PBXTargetDependency */ = {
			isa = PBXTargetDependency;
			target = 2AA2D74C227F1F2400C671BF /* Location */;
			targetProxy = 2AA2D76D227F1F2600C671BF /* PBXContainerItemProxy */;
		};
/* End PBXTargetDependency section */

/* Begin PBXVariantGroup section */
		2AA2D754227F1F2400C671BF /* Main.storyboard */ = {
			isa = PBXVariantGroup;
			children = (
				2AA2D755227F1F2400C671BF /* Base */,
			);
			name = Main.storyboard;
			sourceTree = "<group>";
		};
		2AA2D759227F1F2600C671BF /* LaunchScreen.storyboard */ = {
			isa = PBXVariantGroup;
			children = (
				2AA2D75A227F1F2600C671BF /* Base */,
			);
			name = LaunchScreen.storyboard;
			sourceTree = "<group>";
		};
/* End PBXVariantGroup section */

/* Begin XCBuildConfiguration section */
		2AA2D773227F1F2600C671BF /* Debug */ = {
			isa = XCBuildConfiguration;
			buildSettings = {
				ALWAYS_SEARCH_USER_PATHS = NO;
				CLANG_ANALYZER_NONNULL = YES;
				CLANG_ANALYZER_NUMBER_OBJECT_CONVERSION = YES_AGGRESSIVE;
				CLANG_CXX_LANGUAGE_STANDARD = "gnu++14";
				CLANG_CXX_LIBRARY = "libc++";
				CLANG_ENABLE_MODULES = YES;
				CLANG_ENABLE_OBJC_ARC = YES;
				CLANG_ENABLE_OBJC_WEAK = YES;
				CLANG_WARN_BLOCK_CAPTURE_AUTORELEASING = YES;
				CLANG_WARN_BOOL_CONVERSION = YES;
				CLANG_WARN_COMMA = YES;
				CLANG_WARN_CONSTANT_CONVERSION = YES;
				CLANG_WARN_DEPRECATED_OBJC_IMPLEMENTATIONS = YES;
				CLANG_WARN_DIRECT_OBJC_ISA_USAGE = YES_ERROR;
				CLANG_WARN_DOCUMENTATION_COMMENTS = YES;
				CLANG_WARN_EMPTY_BODY = YES;
				CLANG_WARN_ENUM_CONVERSION = YES;
				CLANG_WARN_INFINITE_RECURSION = YES;
				CLANG_WARN_INT_CONVERSION = YES;
				CLANG_WARN_NON_LITERAL_NULL_CONVERSION = YES;
				CLANG_WARN_OBJC_IMPLICIT_RETAIN_SELF = YES;
				CLANG_WARN_OBJC_LITERAL_CONVERSION = YES;
				CLANG_WARN_OBJC_ROOT_CLASS = YES_ERROR;
				CLANG_WARN_RANGE_LOOP_ANALYSIS = YES;
				CLANG_WARN_STRICT_PROTOTYPES = YES;
				CLANG_WARN_SUSPICIOUS_MOVE = YES;
				CLANG_WARN_UNGUARDED_AVAILABILITY = YES_AGGRESSIVE;
				CLANG_WARN_UNREACHABLE_CODE = YES;
				CLANG_WARN__DUPLICATE_METHOD_MATCH = YES;
				CODE_SIGN_IDENTITY = "iPhone Developer";
				COPY_PHASE_STRIP = NO;
				DEBUG_INFORMATION_FORMAT = dwarf;
				ENABLE_STRICT_OBJC_MSGSEND = YES;
				ENABLE_TESTABILITY = YES;
				GCC_C_LANGUAGE_STANDARD = gnu11;
				GCC_DYNAMIC_NO_PIC = NO;
				GCC_NO_COMMON_BLOCKS = YES;
				GCC_OPTIMIZATION_LEVEL = 0;
				GCC_PREPROCESSOR_DEFINITIONS = (
					"DEBUG=1",
					"$(inherited)",
				);
				GCC_WARN_64_TO_32_BIT_CONVERSION = YES;
				GCC_WARN_ABOUT_RETURN_TYPE = YES_ERROR;
				GCC_WARN_UNDECLARED_SELECTOR = YES;
				GCC_WARN_UNINITIALIZED_AUTOS = YES_AGGRESSIVE;
				GCC_WARN_UNUSED_FUNCTION = YES;
				GCC_WARN_UNUSED_VARIABLE = YES;
				IPHONEOS_DEPLOYMENT_TARGET = 12.2;
				MTL_ENABLE_DEBUG_INFO = INCLUDE_SOURCE;
				MTL_FAST_MATH = YES;
				ONLY_ACTIVE_ARCH = YES;
				SDKROOT = iphoneos;
				SWIFT_ACTIVE_COMPILATION_CONDITIONS = DEBUG;
				SWIFT_OPTIMIZATION_LEVEL = "-Onone";
			};
			name = Debug;
		};
		2AA2D774227F1F2600C671BF /* Release */ = {
			isa = XCBuildConfiguration;
			buildSettings = {
				ALWAYS_SEARCH_USER_PATHS = NO;
				CLANG_ANALYZER_NONNULL = YES;
				CLANG_ANALYZER_NUMBER_OBJECT_CONVERSION = YES_AGGRESSIVE;
				CLANG_CXX_LANGUAGE_STANDARD = "gnu++14";
				CLANG_CXX_LIBRARY = "libc++";
				CLANG_ENABLE_MODULES = YES;
				CLANG_ENABLE_OBJC_ARC = YES;
				CLANG_ENABLE_OBJC_WEAK = YES;
				CLANG_WARN_BLOCK_CAPTURE_AUTORELEASING = YES;
				CLANG_WARN_BOOL_CONVERSION = YES;
				CLANG_WARN_COMMA = YES;
				CLANG_WARN_CONSTANT_CONVERSION = YES;
				CLANG_WARN_DEPRECATED_OBJC_IMPLEMENTATIONS = YES;
				CLANG_WARN_DIRECT_OBJC_ISA_USAGE = YES_ERROR;
				CLANG_WARN_DOCUMENTATION_COMMENTS = YES;
				CLANG_WARN_EMPTY_BODY = YES;
				CLANG_WARN_ENUM_CONVERSION = YES;
				CLANG_WARN_INFINITE_RECURSION = YES;
				CLANG_WARN_INT_CONVERSION = YES;
				CLANG_WARN_NON_LITERAL_NULL_CONVERSION = YES;
				CLANG_WARN_OBJC_IMPLICIT_RETAIN_SELF = YES;
				CLANG_WARN_OBJC_LITERAL_CONVERSION = YES;
				CLANG_WARN_OBJC_ROOT_CLASS = YES_ERROR;
				CLANG_WARN_RANGE_LOOP_ANALYSIS = YES;
				CLANG_WARN_STRICT_PROTOTYPES = YES;
				CLANG_WARN_SUSPICIOUS_MOVE = YES;
				CLANG_WARN_UNGUARDED_AVAILABILITY = YES_AGGRESSIVE;
				CLANG_WARN_UNREACHABLE_CODE = YES;
				CLANG_WARN__DUPLICATE_METHOD_MATCH = YES;
				CODE_SIGN_IDENTITY = "iPhone Developer";
				COPY_PHASE_STRIP = NO;
				DEBUG_INFORMATION_FORMAT = "dwarf-with-dsym";
				ENABLE_NS_ASSERTIONS = NO;
				ENABLE_STRICT_OBJC_MSGSEND = YES;
				GCC_C_LANGUAGE_STANDARD = gnu11;
				GCC_NO_COMMON_BLOCKS = YES;
				GCC_WARN_64_TO_32_BIT_CONVERSION = YES;
				GCC_WARN_ABOUT_RETURN_TYPE = YES_ERROR;
				GCC_WARN_UNDECLARED_SELECTOR = YES;
				GCC_WARN_UNINITIALIZED_AUTOS = YES_AGGRESSIVE;
				GCC_WARN_UNUSED_FUNCTION = YES;
				GCC_WARN_UNUSED_VARIABLE = YES;
				IPHONEOS_DEPLOYMENT_TARGET = 12.2;
				MTL_ENABLE_DEBUG_INFO = NO;
				MTL_FAST_MATH = YES;
				SDKROOT = iphoneos;
				SWIFT_COMPILATION_MODE = wholemodule;
				SWIFT_OPTIMIZATION_LEVEL = "-O";
				VALIDATE_PRODUCT = YES;
			};
			name = Release;
		};
		2AA2D776227F1F2600C671BF /* Debug */ = {
			isa = XCBuildConfiguration;
			buildSettings = {
				ASSETCATALOG_COMPILER_APPICON_NAME = AppIcon;
				CODE_SIGN_STYLE = Automatic;
				DEVELOPMENT_TEAM = HUBJYG6L79;
				INFOPLIST_FILE = Location/Info.plist;
				LD_RUNPATH_SEARCH_PATHS = (
					"$(inherited)",
					"@executable_path/Frameworks",
				);
				PRODUCT_BUNDLE_IDENTIFIER = com.zhangyu.location.Location;
				PRODUCT_NAME = "$(TARGET_NAME)";
				SWIFT_VERSION = 5.0;
				TARGETED_DEVICE_FAMILY = "1,2";
			};
			name = Debug;
		};
		2AA2D777227F1F2600C671BF /* Release */ = {
			isa = XCBuildConfiguration;
			buildSettings = {
				ASSETCATALOG_COMPILER_APPICON_NAME = AppIcon;
				CODE_SIGN_STYLE = Automatic;
				DEVELOPMENT_TEAM = HUBJYG6L79;
				INFOPLIST_FILE = Location/Info.plist;
				LD_RUNPATH_SEARCH_PATHS = (
					"$(inherited)",
					"@executable_path/Frameworks",
				);
				PRODUCT_BUNDLE_IDENTIFIER = com.zhangyu.location.Location;
				PRODUCT_NAME = "$(TARGET_NAME)";
				SWIFT_VERSION = 5.0;
				TARGETED_DEVICE_FAMILY = "1,2";
			};
			name = Release;
		};
		2AA2D779227F1F2600C671BF /* Debug */ = {
			isa = XCBuildConfiguration;
			buildSettings = {
				ALWAYS_EMBED_SWIFT_STANDARD_LIBRARIES = YES;
				BUNDLE_LOADER = "$(TEST_HOST)";
				CODE_SIGN_STYLE = Automatic;
				INFOPLIST_FILE = LocationTests/Info.plist;
				LD_RUNPATH_SEARCH_PATHS = (
					"$(inherited)",
					"@executable_path/Frameworks",
					"@loader_path/Frameworks",
				);
				PRODUCT_BUNDLE_IDENTIFIER = com.zhangyu.location.LocationTests;
				PRODUCT_NAME = "$(TARGET_NAME)";
				SWIFT_VERSION = 5.0;
				TARGETED_DEVICE_FAMILY = "1,2";
				TEST_HOST = "$(BUILT_PRODUCTS_DIR)/Location.app/Location";
			};
			name = Debug;
		};
		2AA2D77A227F1F2600C671BF /* Release */ = {
			isa = XCBuildConfiguration;
			buildSettings = {
				ALWAYS_EMBED_SWIFT_STANDARD_LIBRARIES = YES;
				BUNDLE_LOADER = "$(TEST_HOST)";
				CODE_SIGN_STYLE = Automatic;
				INFOPLIST_FILE = LocationTests/Info.plist;
				LD_RUNPATH_SEARCH_PATHS = (
					"$(inherited)",
					"@executable_path/Frameworks",
					"@loader_path/Frameworks",
				);
				PRODUCT_BUNDLE_IDENTIFIER = com.zhangyu.location.LocationTests;
				PRODUCT_NAME = "$(TARGET_NAME)";
				SWIFT_VERSION = 5.0;
				TARGETED_DEVICE_FAMILY = "1,2";
				TEST_HOST = "$(BUILT_PRODUCTS_DIR)/Location.app/Location";
			};
			name = Release;
		};
		2AA2D77C227F1F2600C671BF /* Debug */ = {
			isa = XCBuildConfiguration;
			buildSettings = {
				ALWAYS_EMBED_SWIFT_STANDARD_LIBRARIES = YES;
				CODE_SIGN_STYLE = Automatic;
				INFOPLIST_FILE = LocationUITests/Info.plist;
				LD_RUNPATH_SEARCH_PATHS = (
					"$(inherited)",
					"@executable_path/Frameworks",
					"@loader_path/Frameworks",
				);
				PRODUCT_BUNDLE_IDENTIFIER = com.zhangyu.location.LocationUITests;
				PRODUCT_NAME = "$(TARGET_NAME)";
				SWIFT_VERSION = 5.0;
				TARGETED_DEVICE_FAMILY = "1,2";
				TEST_TARGET_NAME = Location;
			};
			name = Debug;
		};
		2AA2D77D227F1F2600C671BF /* Release */ = {
			isa = XCBuildConfiguration;
			buildSettings = {
				ALWAYS_EMBED_SWIFT_STANDARD_LIBRARIES = YES;
				CODE_SIGN_STYLE = Automatic;
				INFOPLIST_FILE = LocationUITests/Info.plist;
				LD_RUNPATH_SEARCH_PATHS = (
					"$(inherited)",
					"@executable_path/Frameworks",
					"@loader_path/Frameworks",
				);
				PRODUCT_BUNDLE_IDENTIFIER = com.zhangyu.location.LocationUITests;
				PRODUCT_NAME = "$(TARGET_NAME)";
				SWIFT_VERSION = 5.0;
				TARGETED_DEVICE_FAMILY = "1,2";
				TEST_TARGET_NAME = Location;
			};
			name = Release;
		};
/* End XCBuildConfiguration section */

/* Begin XCConfigurationList section */
		2AA2D748227F1F2400C671BF /* Build configuration list for PBXProject "Location" */ = {
			isa = XCConfigurationList;
			buildConfigurations = (
				2AA2D773227F1F2600C671BF /* Debug */,
				2AA2D774227F1F2600C671BF /* Release */,
			);
			defaultConfigurationIsVisible = 0;
			defaultConfigurationName = Release;
		};
		2AA2D775227F1F2600C671BF /* Build configuration list for PBXNativeTarget "Location" */ = {
			isa = XCConfigurationList;
			buildConfigurations = (
				2AA2D776227F1F2600C671BF /* Debug */,
				2AA2D777227F1F2600C671BF /* Release */,
			);
			defaultConfigurationIsVisible = 0;
			defaultConfigurationName = Release;
		};
		2AA2D778227F1F2600C671BF /* Build configuration list for PBXNativeTarget "LocationTests" */ = {
			isa = XCConfigurationList;
			buildConfigurations = (
				2AA2D779227F1F2600C671BF /* Debug */,
				2AA2D77A227F1F2600C671BF /* Release */,
			);
			defaultConfigurationIsVisible = 0;
			defaultConfigurationName = Release;
		};
		2AA2D77B227F1F2600C671BF /* Build configuration list for PBXNativeTarget "LocationUITests" */ = {
			isa = XCConfigurationList;
			buildConfigurations = (
				2AA2D77C227F1F2600C671BF /* Debug */,
				2AA2D77D227F1F2600C671BF /* Release */,
			);
			defaultConfigurationIsVisible = 0;
			defaultConfigurationName = Release;
		};
/* End XCConfigurationList section */
	};
	rootObject = 2AA2D745227F1F2400C671BF /* Project object */;
}
